
Microsoft Visual Studio Solution File, Format Version 12.00
# Visual Studio Version 17
VisualStudioVersion = 17.0.31903.59
MinimumVisualStudioVersion = 10.0.40219.1
Project("{2150E333-8FDC-42A3-9474-1A3956D46DE8}") = "src", "src", "{827E0CD3-B72D-47B6-A68D-7590B98EB39B}"
EndProject
Project("{FAE04EC0-301F-11D3-BF4B-00C04F79EFBC}") = "Store.Domain", "src\Store.Domain\Store.Domain.csproj", "{4E4F6780-60E6-4EC2-98D7-50C63193288D}"
EndProject
Project("{FAE04EC0-301F-11D3-BF4B-00C04F79EFBC}") = "Store.Application", "src\Store.Application\Store.Application.csproj", "{0F3C36D1-4774-4F56-9438-6AACF9941F68}"
EndProject
Project("{FAE04EC0-301F-11D3-BF4B-00C04F79EFBC}") = "Store.Infrastructure", "src\Store.Infrastructure\Store.Infrastructure.csproj", "{6020920C-F4FA-47E5-82A3-0ABE7955CF22}"
EndProject
Project("{FAE04EC0-301F-11D3-BF4B-00C04F79EFBC}") = "Store.Api", "src\Store.Api\Store.Api.csproj", "{481EDB5B-87A4-4A0A-A23B-9177AA11362F}"
EndProject
Project("{2150E333-8FDC-42A3-9474-1A3956D46DE8}") = "tests", "tests", "{0AB3BF05-4346-4AA6-1389-037BE0695223}"
EndProject
Project("{FAE04EC0-301F-11D3-BF4B-00C04F79EFBC}") = "Store.UnitTests", "tests\Store.UnitTests\Store.UnitTests.csproj", "{9E74E0A2-5213-48D7-B7D9-20996FCF7A81}"
EndProject
Project("{FAE04EC0-301F-11D3-BF4B-00C04F79EFBC}") = "Store.IntegrationTests", "tests\Store.IntegrationTests\Store.IntegrationTests.csproj", "{63986300-0F0B-4100-B128-DEF8172867C5}"
EndProject
Global
	GlobalSection(SolutionConfigurationPlatforms) = preSolution
		Debug|Any CPU = Debug|Any CPU
		Debug|x64 = Debug|x64
		Debug|x86 = Debug|x86
		Release|Any CPU = Release|Any CPU
		Release|x64 = Release|x64
		Release|x86 = Release|x86
	EndGlobalSection
	GlobalSection(ProjectConfigurationPlatforms) = postSolution
		{4E4F6780-60E6-4EC2-98D7-50C63193288D}.Debug|Any CPU.ActiveCfg = Debug|Any CPU
		{4E4F6780-60E6-4EC2-98D7-50C63193288D}.Debug|Any CPU.Build.0 = Debug|Any CPU
		{4E4F6780-60E6-4EC2-98D7-50C63193288D}.Debug|x64.ActiveCfg = Debug|Any CPU
		{4E4F6780-60E6-4EC2-98D7-50C63193288D}.Debug|x64.Build.0 = Debug|Any CPU
		{4E4F6780-60E6-4EC2-98D7-50C63193288D}.Debug|x86.ActiveCfg = Debug|Any CPU
		{4E4F6780-60E6-4EC2-98D7-50C63193288D}.Debug|x86.Build.0 = Debug|Any CPU
		{4E4F6780-60E6-4EC2-98D7-50C63193288D}.Release|Any CPU.ActiveCfg = Release|Any CPU
		{4E4F6780-60E6-4EC2-98D7-50C63193288D}.Release|Any CPU.Build.0 = Release|Any CPU
		{4E4F6780-60E6-4EC2-98D7-50C63193288D}.Release|x64.ActiveCfg = Release|Any CPU
		{4E4F6780-60E6-4EC2-98D7-50C63193288D}.Release|x64.Build.0 = Release|Any CPU
		{4E4F6780-60E6-4EC2-98D7-50C63193288D}.Release|x86.ActiveCfg = Release|Any CPU
		{4E4F6780-60E6-4EC2-98D7-50C63193288D}.Release|x86.Build.0 = Release|Any CPU
		{0F3C36D1-4774-4F56-9438-6AACF9941F68}.Debug|Any CPU.ActiveCfg = Debug|Any CPU
		{0F3C36D1-4774-4F56-9438-6AACF9941F68}.Debug|Any CPU.Build.0 = Debug|Any CPU
		{0F3C36D1-4774-4F56-9438-6AACF9941F68}.Debug|x64.ActiveCfg = Debug|Any CPU
		{0F3C36D1-4774-4F56-9438-6AACF9941F68}.Debug|x64.Build.0 = Debug|Any CPU
		{0F3C36D1-4774-4F56-9438-6AACF9941F68}.Debug|x86.ActiveCfg = Debug|Any CPU
		{0F3C36D1-4774-4F56-9438-6AACF9941F68}.Debug|x86.Build.0 = Debug|Any CPU
		{0F3C36D1-4774-4F56-9438-6AACF9941F68}.Release|Any CPU.ActiveCfg = Release|Any CPU
		{0F3C36D1-4774-4F56-9438-6AACF9941F68}.Release|Any CPU.Build.0 = Release|Any CPU
		{0F3C36D1-4774-4F56-9438-6AACF9941F68}.Release|x64.ActiveCfg = Release|Any CPU
		{0F3C36D1-4774-4F56-9438-6AACF9941F68}.Release|x64.Build.0 = Release|Any CPU
		{0F3C36D1-4774-4F56-9438-6AACF9941F68}.Release|x86.ActiveCfg = Release|Any CPU
		{0F3C36D1-4774-4F56-9438-6AACF9941F68}.Release|x86.Build.0 = Release|Any CPU
		{6020920C-F4FA-47E5-82A3-0ABE7955CF22}.Debug|Any CPU.ActiveCfg = Debug|Any CPU
		{6020920C-F4FA-47E5-82A3-0ABE7955CF22}.Debug|Any CPU.Build.0 = Debug|Any CPU
		{6020920C-F4FA-47E5-82A3-0ABE7955CF22}.Debug|x64.ActiveCfg = Debug|Any CPU
		{6020920C-F4FA-47E5-82A3-0ABE7955CF22}.Debug|x64.Build.0 = Debug|Any CPU
		{6020920C-F4FA-47E5-82A3-0ABE7955CF22}.Debug|x86.ActiveCfg = Debug|Any CPU
		{6020920C-F4FA-47E5-82A3-0ABE7955CF22}.Debug|x86.Build.0 = Debug|Any CPU
		{6020920C-F4FA-47E5-82A3-0ABE7955CF22}.Release|Any CPU.ActiveCfg = Release|Any CPU
		{6020920C-F4FA-47E5-82A3-0ABE7955CF22}.Release|Any CPU.Build.0 = Release|Any CPU
		{6020920C-F4FA-47E5-82A3-0ABE7955CF22}.Release|x64.ActiveCfg = Release|Any CPU
		{6020920C-F4FA-47E5-82A3-0ABE7955CF22}.Release|x64.Build.0 = Release|Any CPU
		{6020920C-F4FA-47E5-82A3-0ABE7955CF22}.Release|x86.ActiveCfg = Release|Any CPU
		{6020920C-F4FA-47E5-82A3-0ABE7955CF22}.Release|x86.Build.0 = Release|Any CPU
		{481EDB5B-87A4-4A0A-A23B-9177AA11362F}.Debug|Any CPU.ActiveCfg = Debug|Any CPU
		{481EDB5B-87A4-4A0A-A23B-9177AA11362F}.Debug|Any CPU.Build.0 = Debug|Any CPU
		{481EDB5B-87A4-4A0A-A23B-9177AA11362F}.Debug|x64.ActiveCfg = Debug|Any CPU
		{481EDB5B-87A4-4A0A-A23B-9177AA11362F}.Debug|x64.Build.0 = Debug|Any CPU
		{481EDB5B-87A4-4A0A-A23B-9177AA11362F}.Debug|x86.ActiveCfg = Debug|Any CPU
		{481EDB5B-87A4-4A0A-A23B-9177AA11362F}.Debug|x86.Build.0 = Debug|Any CPU
		{481EDB5B-87A4-4A0A-A23B-9177AA11362F}.Release|Any CPU.ActiveCfg = Release|Any CPU
		{481EDB5B-87A4-4A0A-A23B-9177AA11362F}.Release|Any CPU.Build.0 = Release|Any CPU
		{481EDB5B-87A4-4A0A-A23B-9177AA11362F}.Release|x64.ActiveCfg = Release|Any CPU
		{481EDB5B-87A4-4A0A-A23B-9177AA11362F}.Release|x64.Build.0 = Release|Any CPU
		{481EDB5B-87A4-4A0A-A23B-9177AA11362F}.Release|x86.ActiveCfg = Release|Any CPU
		{481EDB5B-87A4-4A0A-A23B-9177AA11362F}.Release|x86.Build.0 = Release|Any CPU
		{9E74E0A2-5213-48D7-B7D9-20996FCF7A81}.Debug|Any CPU.ActiveCfg = Debug|Any CPU
		{9E74E0A2-5213-48D7-B7D9-20996FCF7A81}.Debug|Any CPU.Build.0 = Debug|Any CPU
		{9E74E0A2-5213-48D7-B7D9-20996FCF7A81}.Debug|x64.ActiveCfg = Debug|Any CPU
		{9E74E0A2-5213-48D7-B7D9-20996FCF7A81}.Debug|x64.Build.0 = Debug|Any CPU
		{9E74E0A2-5213-48D7-B7D9-20996FCF7A81}.Debug|x86.ActiveCfg = Debug|Any CPU
		{9E74E0A2-5213-48D7-B7D9-20996FCF7A81}.Debug|x86.Build.0 = Debug|Any CPU
		{9E74E0A2-5213-48D7-B7D9-20996FCF7A81}.Release|Any CPU.ActiveCfg = Release|Any CPU
		{9E74E0A2-5213-48D7-B7D9-20996FCF7A81}.Release|Any CPU.Build.0 = Release|Any CPU
		{9E74E0A2-5213-48D7-B7D9-20996FCF7A81}.Release|x64.ActiveCfg = Release|Any CPU
		{9E74E0A2-5213-48D7-B7D9-20996FCF7A81}.Release|x64.Build.0 = Release|Any CPU
		{9E74E0A2-5213-48D7-B7D9-20996FCF7A81}.Release|x86.ActiveCfg = Release|Any CPU
		{9E74E0A2-5213-48D7-B7D9-20996FCF7A81}.Release|x86.Build.0 = Release|Any CPU
		{63986300-0F0B-4100-B128-DEF8172867C5}.Debug|Any CPU.ActiveCfg = Debug|Any CPU
		{63986300-0F0B-4100-B128-DEF8172867C5}.Debug|Any CPU.Build.0 = Debug|Any CPU
		{63986300-0F0B-4100-B128-DEF8172867C5}.Debug|x64.ActiveCfg = Debug|Any CPU
		{63986300-0F0B-4100-B128-DEF8172867C5}.Debug|x64.Build.0 = Debug|Any CPU
		{63986300-0F0B-4100-B128-DEF8172867C5}.Debug|x86.ActiveCfg = Debug|Any CPU
		{63986300-0F0B-4100-B128-DEF8172867C5}.Debug|x86.Build.0 = Debug|Any CPU
		{63986300-0F0B-4100-B128-DEF8172867C5}.Release|Any CPU.ActiveCfg = Release|Any CPU
		{63986300-0F0B-4100-B128-DEF8172867C5}.Release|Any CPU.Build.0 = Release|Any CPU
		{63986300-0F0B-4100-B128-DEF8172867C5}.Release|x64.ActiveCfg = Release|Any CPU
		{63986300-0F0B-4100-B128-DEF8172867C5}.Release|x64.Build.0 = Release|Any CPU
		{63986300-0F0B-4100-B128-DEF8172867C5}.Release|x86.ActiveCfg = Release|Any CPU
		{63986300-0F0B-4100-B128-DEF8172867C5}.Release|x86.Build.0 = Release|Any CPU
	EndGlobalSection
	GlobalSection(SolutionProperties) = preSolution
		HideSolutionNode = FALSE
	EndGlobalSection
	GlobalSection(NestedProjects) = preSolution
		{4E4F6780-60E6-4EC2-98D7-50C63193288D} = {827E0CD3-B72D-47B6-A68D-7590B98EB39B}
		{0F3C36D1-4774-4F56-9438-6AACF9941F68} = {827E0CD3-B72D-47B6-A68D-7590B98EB39B}
		{6020920C-F4FA-47E5-82A3-0ABE7955CF22} = {827E0CD3-B72D-47B6-A68D-7590B98EB39B}
		{481EDB5B-87A4-4A0A-A23B-9177AA11362F} = {827E0CD3-B72D-47B6-A68D-7590B98EB39B}
		{9E74E0A2-5213-48D7-B7D9-20996FCF7A81} = {0AB3BF05-4346-4AA6-1389-037BE0695223}
		{63986300-0F0B-4100-B128-DEF8172867C5} = {0AB3BF05-4346-4AA6-1389-037BE0695223}
	EndGlobalSection
EndGlobal
